{
  "name": "dar-nur-sync-supplier-tests",
  "lockfileVersion": 3,
  "requires": true,
  "packages": {
    "": {
      "name": "dar-nur-sync-supplier-tests",
      "dependencies": {
        "@electric-sql/pglite": "^0.5.8"
      }
    },
    "node_modules/@electric-sql/pglite": {
      "version": "0.5.8",
      "resolved": "https://registry.npmjs.org/@electric-sql/pglite/-/pglite-0.5.8.tgz",
      "integrity": "sha512-n9tsbUOhwx2epK1V0ZG9Ar4SHWUju04dhmzZXiSBXwBoleOvIfals33NAaWgagQVAL4Rbvx/Ptsu3P+pA09f6Q==",
      "license": "Apache-2.0"
    }
  }
}
